
Microsoft Visual Studio Solution File, Format Version 12.00
# Visual Studio Version 16
VisualStudioVersion = 16.0.29215.179
MinimumVisualStudioVersion = 10.0.40219.1
Project("{FAE04EC0-301F-11D3-BF4B-00C04F79EFBC}") = "ACIT3625_web_app", "ACIT3625_web_app\ACIT3625_web_app.csproj", "{DCC504FA-4F6B-4F29-913A-24144EC6F81E}"
EndProject
Global
	GlobalSection(SolutionConfigurationPlatforms) = preSolution
		Debug|Any CPU = Debug|Any CPU
		Release|Any CPU = Release|Any CPU
	EndGlobalSection
	GlobalSection(ProjectConfigurationPlatforms) = postSolution
		{DCC504FA-4F6B-4F29-913A-24144EC6F81E}.Debug|Any CPU.ActiveCfg = Debug|Any CPU
		{DCC504FA-4F6B-4F29-913A-24144EC6F81E}.Debug|Any CPU.Build.0 = Debug|Any CPU
		{DCC504FA-4F6B-4F29-913A-24144EC6F81E}.Release|Any CPU.ActiveCfg = Release|Any CPU
		{DCC504FA-4F6B-4F29-913A-24144EC6F81E}.Release|Any CPU.Build.0 = Release|Any CPU
	EndGlobalSection
	GlobalSection(SolutionProperties) = preSolution
		HideSolutionNode = FALSE
	EndGlobalSection
	GlobalSection(ExtensibilityGlobals) = postSolution
		SolutionGuid = {D669C4A5-435C-44AF-ADB3-E89BADBE2F58}
	EndGlobalSection
EndGlobal
